github.com/dhowden/tag v0.0.0-20240417053706-3d75831295e8 h1:OtSeLS5y0Uy01jaKK4mA/WVIYtpzVm63vLVAPzJXigg=
github.com/dhowden/tag v0.0.0-20240417053706-3d75831295e8/go.mod h1:apkPC/CR3s48O2D7Y++n1XWEpgPNNCjXYga3PPbJe2E=
github.com/hugolgst/rich-go v0.0.0-20240715122152-74618cc1ace2 h1:9qOViOQGFIP5ar+2NorfAIsfuADEKXtklySC0zNnYf4=
github.com/hugolgst/rich-go v0.0.0-20240715122152-74618cc1ace2/go.mod h1:nGaW7CGfNZnhtiFxMpc4OZdqIexGXjUlBnlmpZmjEKA=
golang.org/x/sys v0.46.0 h1:noSf2Fq6F8DBgS+LysIkx7rIExoNHJsxOAtPp4rthXw=
golang.org/x/sys v0.46.0/go.mod h1:4GL1E5IUh+htKOUEOaiffhrAeqysfVGipDYzABqnCmw=
gopkg.in/natefinch/npipe.v2 v2.0.0-20160621034901-c1b8fa8bdcce h1:+JknDZhAj8YMt7GC73Ei8pv4MzjDUNPHgQWJdtMAaDU=
gopkg.in/natefinch/npipe.v2 v2.0.0-20160621034901-c1b8fa8bdcce/go.mod h1:5AcXVHNjg+BDxry382+8OKon8SEWiKktQR07RKPsv1c=
